// !$*UTF8*$!
{
	archiveVersion = 1;
	classes = {
	};
	objectVersion = 48;
	objects = {

/* Begin PBXBuildFile section */
		CBDD08F720305F7F0018CEAC /* AppDelegate.m in Sources */ = {isa = PBXBuildFile; fileRef = CBDD08F620305F7F0018CEAC /* AppDelegate.m */; };
		CBDD08FA20305F7F0018CEAC /* ViewController.m in Sources */ = {isa = PBXBuildFile; fileRef = CBDD08F920305F7F0018CEAC /* ViewController.m */; };
		CBDD08FD20305F7F0018CEAC /* Main.storyboard in Resources */ = {isa = PBXBuildFile; fileRef = CBDD08FB20305F7F0018CEAC /* Main.storyboard */; };
		CBDD08FF20305F7F0018CEAC /* Assets.xcassets in Resources */ = {isa = PBXBuildFile; fileRef = CBDD08FE20305F7F0018CEAC /* Assets.xcassets */; };
		CBDD090220305F7F0018CEAC /* LaunchScreen.storyboard in Resources */ = {isa = PBXBuildFile; fileRef = CBDD090020305F7F0018CEAC /* LaunchScreen.storyboard */; };
		CBDD090520305F7F0018CEAC /* main.m in Sources */ = {isa = PBXBuildFile; fileRef = CBDD090420305F7F0018CEAC /* main.m */; };
		CBDD090D20305FA30018CEAC /* ChangeLoction.m in Sources */ = {isa = PBXBuildFile; fileRef = CBDD090C20305FA30018CEAC /* ChangeLoction.m */; };
/* End PBXBuildFile section */

/* Begin PBXFileReference section */
		CBDD08F220305F7F0018CEAC /* MyLocation.app */ = {isa = PBXFileReference; explicitFileType = wrapper.application; includeInIndex = 0; path = MyLocation.app; sourceTree = BUILT_PRODUCTS_DIR; };
		CBDD08F520305F7F0018CEAC /* AppDelegate.h */ = {isa = PBXFileReference; lastKnownFileType = sourcecode.c.h; path = AppDelegate.h; sourceTree = "<group>"; };
		CBDD08F620305F7F0018CEAC /* AppDelegate.m */ = {isa = PBXFileReference; lastKnownFileType = sourcecode.c.objc; path = AppDelegate.m; sourceTree = "<group>"; };
		CBDD08F820305F7F0018CEAC /* ViewController.h */ = {isa = PBXFileReference; lastKnownFileType = sourcecode.c.h; path = ViewController.h; sourceTree = "<group>"; };
		CBDD08F920305F7F0018CEAC /* ViewController.m */ = {isa = PBXFileReference; lastKnownFileType = sourcecode.c.objc; path = ViewController.m; sourceTree = "<group>"; };
		CBDD08FC20305F7F0018CEAC /* Base */ = {isa = PBXFileReference; lastKnownFileType = file.storyboard; name = Base; path = Base.lproj/Main.storyboard; sourceTree = "<group>"; };
		CBDD08FE20305F7F0018CEAC /* Assets.xcassets */ = {isa = PBXFileReference; lastKnownFileType = folder.assetcatalog; path = Assets.xcassets; sourceTree = "<group>"; };
		CBDD090120305F7F0018CEAC /* Base */ = {isa = PBXFileReference; lastKnownFileType = file.storyboard; name = Base; path = Base.lproj/LaunchScreen.storyboard; sourceTree = "<group>"; };
		CBDD090320305F7F0018CEAC /* Info.plist */ = {isa = PBXFileReference; lastKnownFileType = text.plist.xml; path = Info.plist; sourceTree = "<group>"; };
		CBDD090420305F7F0018CEAC /* main.m */ = {isa = PBXFileReference; lastKnownFileType = sourcecode.c.objc; path = main.m; sourceTree = "<group>"; };
		CBDD090B20305FA30018CEAC /* ChangeLoction.h */ = {isa = PBXFileReference; lastKnownFileType = sourcecode.c.h; path = ChangeLoction.h; sourceTree = "<group>"; };
		CBDD090C20305FA30018CEAC /* ChangeLoction.m */ = {isa = PBXFileReference; lastKnownFileType = sourcecode.c.objc; path = ChangeLoction.m; sourceTree = "<group>"; };
		CBDD090E203060D90018CEAC /* Location.gpx */ = {isa = PBXFileReference; lastKnownFileType = text.xml; path = Location.gpx; sourceTree = "<group>"; };
/* End PBXFileReference section */

/* Begin PBXFrameworksBuildPhase section */
		CBDD08EF20305F7F0018CEAC /* Frameworks */ = {
			isa = PBXFrameworksBuildPhase;
			buildActionMask = 2147483647;
			files = (
			);
			runOnlyForDeploymentPostprocessing = 0;
		};
/* End PBXFrameworksBuildPhase section */

/* Begin PBXGroup section */
		CBDD08E920305F7F0018CEAC = {
			isa = PBXGroup;
			children = (
				CBDD08F420305F7F0018CEAC /* MyLocation */,
				CBDD08F320305F7F0018CEAC /* Products */,
			);
			sourceTree = "<group>";
		};
		CBDD08F320305F7F0018CEAC /* Products */ = {
			isa = PBXGroup;
			children = (
				CBDD08F220305F7F0018CEAC /* MyLocation.app */,
			);
			name = Products;
			sourceTree = "<group>";
		};
		CBDD08F420305F7F0018CEAC /* MyLocation */ = {
			isa = PBXGroup;
			children = (
				CBDD08F520305F7F0018CEAC /* AppDelegate.h */,
				CBDD08F620305F7F0018CEAC /* AppDelegate.m */,
				CBDD08F820305F7F0018CEAC /* ViewController.h */,
				CBDD08F920305F7F0018CEAC /* ViewController.m */,
				CBDD090B20305FA30018CEAC /* ChangeLoction.h */,
				CBDD090C20305FA30018CEAC /* ChangeLoction.m */,
				CBDD090E203060D90018CEAC /* Location.gpx */,
				CBDD08FB20305F7F0018CEAC /* Main.storyboard */,
				CBDD08FE20305F7F0018CEAC /* Assets.xcassets */,
				CBDD090020305F7F0018CEAC /* LaunchScreen.storyboard */,
				CBDD090320305F7F0018CEAC /* Info.plist */,
				CBDD090420305F7F0018CEAC /* main.m */,
			);
			path = MyLocation;
			sourceTree = "<group>";
		};
/* End PBXGroup section */

/* Begin PBXNativeTarget section */
		CBDD08F120305F7F0018CEAC /* MyLocation */ = {
			isa = PBXNativeTarget;
			buildConfigurationList = CBDD090820305F7F0018CEAC /* Build configuration list for PBXNativeTarget "MyLocation" */;
			buildPhases = (
				CBDD08EE20305F7F0018CEAC /* Sources */,
				CBDD08EF20305F7F0018CEAC /* Frameworks */,
				CBDD08F020305F7F0018CEAC /* Resources */,
			);
			buildRules = (
			);
			dependencies = (
			);
			name = MyLocation;
			productName = MyLocation;
			productReference = CBDD08F220305F7F0018CEAC /* MyLocation.app */;
			productType = "com.apple.product-type.application";
		};
/* End PBXNativeTarget section */

/* Begin PBXProject section */
		CBDD08EA20305F7F0018CEAC /* Project object */ = {
			isa = PBXProject;
			attributes = {
				LastUpgradeCheck = 0920;
				ORGANIZATIONNAME = Eric;
				TargetAttributes = {
					CBDD08F120305F7F0018CEAC = {
						CreatedOnToolsVersion = 9.2;
						ProvisioningStyle = Automatic;
					};
				};
			};
			buildConfigurationList = CBDD08ED20305F7F0018CEAC /* Build configuration list for PBXProject "MyLocation" */;
			compatibilityVersion = "Xcode 8.0";
			developmentRegion = en;
			hasScannedForEncodings = 0;
			knownRegions = (
				en,
				Base,
			);
			mainGroup = CBDD08E920305F7F0018CEAC;
			productRefGroup = CBDD08F320305F7F0018CEAC /* Products */;
			projectDirPath = "";
			projectRoot = "";
			targets = (
				CBDD08F120305F7F0018CEAC /* MyLocation */,
			);
		};
/* End PBXProject section */

/* Begin PBXResourcesBuildPhase section */
		CBDD08F020305F7F0018CEAC /* Resources */ = {
			isa = PBXResourcesBuildPhase;
			buildActionMask = 2147483647;
			files = (
				CBDD090220305F7F0018CEAC /* LaunchScreen.storyboard in Resources */,
				CBDD08FF20305F7F0018CEAC /* Assets.xcassets in Resources */,
				CBDD08FD20305F7F0018CEAC /* Main.storyboard in Resources */,
			);
			runOnlyForDeploymentPostprocessing = 0;
		};
/* End PBXResourcesBuildPhase section */

/* Begin PBXSourcesBuildPhase section */
		CBDD08EE20305F7F0018CEAC /* Sources */ = {
			isa = PBXSourcesBuildPhase;
			buildActionMask = 2147483647;
			files = (
				CBDD090D20305FA30018CEAC /* ChangeLoction.m in Sources */,
				CBDD08FA20305F7F0018CEAC /* ViewController.m in Sources */,
				CBDD090520305F7F0018CEAC /* main.m in Sources */,
				CBDD08F720305F7F0018CEAC /* AppDelegate.m in Sources */,
			);
			runOnlyForDeploymentPostprocessing = 0;
		};
/* End PBXSourcesBuildPhase section */

/* Begin PBXVariantGroup section */
		CBDD08FB20305F7F0018CEAC /* Main.storyboard */ = {
			isa = PBXVariantGroup;
			children = (
				CBDD08FC20305F7F0018CEAC /* Base */,
			);
			name = Main.storyboard;
			sourceTree = "<group>";
		};
		CBDD090020305F7F0018CEAC /* LaunchScreen.storyboard */ = {
			isa = PBXVariantGroup;
			children = (
				CBDD090120305F7F0018CEAC /* Base */,
			);
			name = LaunchScreen.storyboard;
			sourceTree = "<group>";
		};
/* End PBXVariantGroup section */

/* Begin XCBuildConfiguration section */
		CBDD090620305F7F0018CEAC /* Debug */ = {
			isa = XCBuildConfiguration;
			buildSettings = {
				ALWAYS_SEARCH_USER_PATHS = NO;
				CLANG_ANALYZER_NONNULL = YES;
				CLANG_ANALYZER_NUMBER_OBJECT_CONVERSION = YES_AGGRESSIVE;
				CLANG_CXX_LANGUAGE_STANDARD = "gnu++14";
				CLANG_CXX_LIBRARY = "libc++";
				CLANG_ENABLE_MODULES = YES;
				CLANG_ENABLE_OBJC_ARC = YES;
				CLANG_WARN_BLOCK_CAPTURE_AUTORELEASING = YES;
				CLANG_WARN_BOOL_CONVERSION = YES;
				CLANG_WARN_COMMA = YES;
				CLANG_WARN_CONSTANT_CONVERSION = YES;
				CLANG_WARN_DIRECT_OBJC_ISA_USAGE = YES_ERROR;
				CLANG_WARN_DOCUMENTATION_COMMENTS = YES;
				CLANG_WARN_EMPTY_BODY = YES;
				CLANG_WARN_ENUM_CONVERSION = YES;
				CLANG_WARN_INFINITE_RECURSION = YES;
				CLANG_WARN_INT_CONVERSION = YES;
				CLANG_WARN_NON_LITERAL_NULL_CONVERSION = YES;
				CLANG_WARN_OBJC_LITERAL_CONVERSION = YES;
				CLANG_WARN_OBJC_ROOT_CLASS = YES_ERROR;
				CLANG_WARN_RANGE_LOOP_ANALYSIS = YES;
				CLANG_WARN_STRICT_PROTOTYPES = YES;
				CLANG_WARN_SUSPICIOUS_MOVE = YES;
				CLANG_WARN_UNGUARDED_AVAILABILITY = YES_AGGRESSIVE;
				CLANG_WARN_UNREACHABLE_CODE = YES;
				CLANG_WARN__DUPLICATE_METHOD_MATCH = YES;
				CODE_SIGN_IDENTITY = "iPhone Developer";
				COPY_PHASE_STRIP = NO;
				DEBUG_INFORMATION_FORMAT = dwarf;
				ENABLE_STRICT_OBJC_MSGSEND = YES;
				ENABLE_TESTABILITY = YES;
				GCC_C_LANGUAGE_STANDARD = gnu11;
				GCC_DYNAMIC_NO_PIC = NO;
				GCC_NO_COMMON_BLOCKS = YES;
				GCC_OPTIMIZATION_LEVEL = 0;
				GCC_PREPROCESSOR_DEFINITIONS = (
					"DEBUG=1",
					"$(inherited)",
				);
				GCC_WARN_64_TO_32_BIT_CONVERSION = YES;
				GCC_WARN_ABOUT_RETURN_TYPE = YES_ERROR;
				GCC_WARN_UNDECLARED_SELECTOR = YES;
				GCC_WARN_UNINITIALIZED_AUTOS = YES_AGGRESSIVE;
				GCC_WARN_UNUSED_FUNCTION = YES;
				GCC_WARN_UNUSED_VARIABLE = YES;
				IPHONEOS_DEPLOYMENT_TARGET = 11.2;
				MTL_ENABLE_DEBUG_INFO = YES;
				ONLY_ACTIVE_ARCH = YES;
				SDKROOT = iphoneos;
			};
			name = Debug;
		};
		CBDD090720305F7F0018CEAC /* Release */ = {
			isa = XCBuildConfiguration;
			buildSettings = {
				ALWAYS_SEARCH_USER_PATHS = NO;
				CLANG_ANALYZER_NONNULL = YES;
				CLANG_ANALYZER_NUMBER_OBJECT_CONVERSION = YES_AGGRESSIVE;
				CLANG_CXX_LANGUAGE_STANDARD = "gnu++14";
				CLANG_CXX_LIBRARY = "libc++";
				CLANG_ENABLE_MODULES = YES;
				CLANG_ENABLE_OBJC_ARC = YES;
				CLANG_WARN_BLOCK_CAPTURE_AUTORELEASING = YES;
				CLANG_WARN_BOOL_CONVERSION = YES;
				CLANG_WARN_COMMA = YES;
				CLANG_WARN_CONSTANT_CONVERSION = YES;
				CLANG_WARN_DIRECT_OBJC_ISA_USAGE = YES_ERROR;
				CLANG_WARN_DOCUMENTATION_COMMENTS = YES;
				CLANG_WARN_EMPTY_BODY = YES;
				CLANG_WARN_ENUM_CONVERSION = YES;
				CLANG_WARN_INFINITE_RECURSION = YES;
				CLANG_WARN_INT_CONVERSION = YES;
				CLANG_WARN_NON_LITERAL_NULL_CONVERSION = YES;
				CLANG_WARN_OBJC_LITERAL_CONVERSION = YES;
				CLANG_WARN_OBJC_ROOT_CLASS = YES_ERROR;
				CLANG_WARN_RANGE_LOOP_ANALYSIS = YES;
				CLANG_WARN_STRICT_PROTOTYPES = YES;
				CLANG_WARN_SUSPICIOUS_MOVE = YES;
				CLANG_WARN_UNGUARDED_AVAILABILITY = YES_AGGRESSIVE;
				CLANG_WARN_UNREACHABLE_CODE = YES;
				CLANG_WARN__DUPLICATE_METHOD_MATCH = YES;
				CODE_SIGN_IDENTITY = "iPhone Developer";
				COPY_PHASE_STRIP = NO;
				DEBUG_INFORMATION_FORMAT = "dwarf-with-dsym";
				ENABLE_NS_ASSERTIONS = NO;
				ENABLE_STRICT_OBJC_MSGSEND = YES;
				GCC_C_LANGUAGE_STANDARD = gnu11;
				GCC_NO_COMMON_BLOCKS = YES;
				GCC_WARN_64_TO_32_BIT_CONVERSION = YES;
				GCC_WARN_ABOUT_RETURN_TYPE = YES_ERROR;
				GCC_WARN_UNDECLARED_SELECTOR = YES;
				GCC_WARN_UNINITIALIZED_AUTOS = YES_AGGRESSIVE;
				GCC_WARN_UNUSED_FUNCTION = YES;
				GCC_WARN_UNUSED_VARIABLE = YES;
				IPHONEOS_DEPLOYMENT_TARGET = 11.2;
				MTL_ENABLE_DEBUG_INFO = NO;
				SDKROOT = iphoneos;
				VALIDATE_PRODUCT = YES;
			};
			name = Release;
		};
		CBDD090920305F7F0018CEAC /* Debug */ = {
			isa = XCBuildConfiguration;
			buildSettings = {
				ASSETCATALOG_COMPILER_APPICON_NAME = AppIcon;
				CODE_SIGN_STYLE = Automatic;
				DEVELOPMENT_TEAM = ZA3VYXW8N2;
				INFOPLIST_FILE = MyLocation/Info.plist;
				IPHONEOS_DEPLOYMENT_TARGET = 10.0;
				LD_RUNPATH_SEARCH_PATHS = "$(inherited) @executable_path/Frameworks";
				PRODUCT_BUNDLE_IDENTIFIER = COM.ERIC.MyLocation;
				PRODUCT_NAME = "$(TARGET_NAME)";
				TARGETED_DEVICE_FAMILY = "1,2";
			};
			name = Debug;
		};
		CBDD090A20305F7F0018CEAC /* Release */ = {
			isa = XCBuildConfiguration;
			buildSettings = {
				ASSETCATALOG_COMPILER_APPICON_NAME = AppIcon;
				CODE_SIGN_STYLE = Automatic;
				DEVELOPMENT_TEAM = ZA3VYXW8N2;
				INFOPLIST_FILE = MyLocation/Info.plist;
				IPHONEOS_DEPLOYMENT_TARGET = 10.0;
				LD_RUNPATH_SEARCH_PATHS = "$(inherited) @executable_path/Frameworks";
				PRODUCT_BUNDLE_IDENTIFIER = COM.ERIC.MyLocation;
				PRODUCT_NAME = "$(TARGET_NAME)";
				TARGETED_DEVICE_FAMILY = "1,2";
			};
			name = Release;
		};
/* End XCBuildConfiguration section */

/* Begin XCConfigurationList section */
		CBDD08ED20305F7F0018CEAC /* Build configuration list for PBXProject "MyLocation" */ = {
			isa = XCConfigurationList;
			buildConfigurations = (
				CBDD090620305F7F0018CEAC /* Debug */,
				CBDD090720305F7F0018CEAC /* Release */,
			);
			defaultConfigurationIsVisible = 0;
			defaultConfigurationName = Release;
		};
		CBDD090820305F7F0018CEAC /* Build configuration list for PBXNativeTarget "MyLocation" */ = {
			isa = XCConfigurationList;
			buildConfigurations = (
				CBDD090920305F7F0018CEAC /* Debug */,
				CBDD090A20305F7F0018CEAC /* Release */,
			);
			defaultConfigurationIsVisible = 0;
			defaultConfigurationName = Release;
		};
/* End XCConfigurationList section */
	};
	rootObject = CBDD08EA20305F7F0018CEAC /* Project object */;
}
